
Microsoft Visual Studio Solution File, Format Version 12.00
# Visual Studio Version 16
VisualStudioVersion = 16.0.29926.136
MinimumVisualStudioVersion = 10.0.40219.1
Project("{FAE04EC0-301F-11D3-BF4B-00C04F79EFBC}") = "WpfUI", "WpfUI\WpfUI.csproj", "{7BC5D69F-3FE9-4426-A504-93729E13F999}"
EndProject
Project("{FAE04EC0-301F-11D3-BF4B-00C04F79EFBC}") = "LibraryDomain", "LibraryDomain\LibraryDomain.csproj", "{084755D6-9786-4F1D-9DFE-C68CCF8C43CE}"
EndProject
Global
	GlobalSection(SolutionConfigurationPlatforms) = preSolution
		Debug|Any CPU = Debug|Any CPU
		Release|Any CPU = Release|Any CPU
	EndGlobalSection
	GlobalSection(ProjectConfigurationPlatforms) = postSolution
		{7BC5D69F-3FE9-4426-A504-93729E13F999}.Debug|Any CPU.ActiveCfg = Debug|Any CPU
		{7BC5D69F-3FE9-4426-A504-93729E13F999}.Debug|Any CPU.Build.0 = Debug|Any CPU
		{7BC5D69F-3FE9-4426-A504-93729E13F999}.Release|Any CPU.ActiveCfg = Release|Any CPU
		{7BC5D69F-3FE9-4426-A504-93729E13F999}.Release|Any CPU.Build.0 = Release|Any CPU
		{084755D6-9786-4F1D-9DFE-C68CCF8C43CE}.Debug|Any CPU.ActiveCfg = Debug|Any CPU
		{084755D6-9786-4F1D-9DFE-C68CCF8C43CE}.Debug|Any CPU.Build.0 = Debug|Any CPU
		{084755D6-9786-4F1D-9DFE-C68CCF8C43CE}.Release|Any CPU.ActiveCfg = Release|Any CPU
		{084755D6-9786-4F1D-9DFE-C68CCF8C43CE}.Release|Any CPU.Build.0 = Release|Any CPU
	EndGlobalSection
	GlobalSection(SolutionProperties) = preSolution
		HideSolutionNode = FALSE
	EndGlobalSection
	GlobalSection(ExtensibilityGlobals) = postSolution
		SolutionGuid = {A7DEFDAB-5507-402B-847C-37C1F692EC87}
	EndGlobalSection
EndGlobal
